
Microsoft Visual Studio Solution File, Format Version 12.00
# Visual Studio Version 16
VisualStudioVersion = 16.0.34407.143
MinimumVisualStudioVersion = 10.0.40219.1
Project("{FAE04EC0-301F-11D3-BF4B-00C04F79EFBC}") = "Roman to Integer", "Roman to Integer.csproj", "{9E655A86-BD42-4156-8386-C6B5FF299815}"
EndProject
Global
	GlobalSection(SolutionConfigurationPlatforms) = preSolution
		Debug|Any CPU = Debug|Any CPU
		Release|Any CPU = Release|Any CPU
	EndGlobalSection
	GlobalSection(ProjectConfigurationPlatforms) = postSolution
		{9E655A86-BD42-4156-8386-C6B5FF299815}.Debug|Any CPU.ActiveCfg = Debug|Any CPU
		{9E655A86-BD42-4156-8386-C6B5FF299815}.Debug|Any CPU.Build.0 = Debug|Any CPU
		{9E655A86-BD42-4156-8386-C6B5FF299815}.Release|Any CPU.ActiveCfg = Release|Any CPU
		{9E655A86-BD42-4156-8386-C6B5FF299815}.Release|Any CPU.Build.0 = Release|Any CPU
	EndGlobalSection
	GlobalSection(SolutionProperties) = preSolution
		HideSolutionNode = FALSE
	EndGlobalSection
	GlobalSection(ExtensibilityGlobals) = postSolution
		SolutionGuid = {CBCC8AD0-D4EE-4349-9F01-83633CF85ECE}
	EndGlobalSection
EndGlobal
